{
  "name": "ant-vit-otus",
  "version": "1.0.0",
  "lockfileVersion": 3,
  "requires": true,
  "packages": {
    "": {
      "name": "ant-vit-otus",
      "version": "1.0.0",
      "dependencies": {
        "commander": "^11.1.0",
        "immer": "^10.0.3",
        "immutable": "^5.0.0-beta.4",
        "rambda": "^8.5.0",
        "typescript": "^5.2.2"
      }
    },
    "node_modules/commander": {
      "version": "11.1.0",
      "resolved": "https://registry.npmjs.org/commander/-/commander-11.1.0.tgz",
      "integrity": "sha512-yPVavfyCcRhmorC7rWlkHn15b4wDVgVmBA7kV4QVBsF7kv/9TKJAbAXVTxvTnwP8HHKjRCJDClKbciiYS7p0DQ==",
      "engines": {
        "node": ">=16"
      }
    },
    "node_modules/immer": {
      "version": "10.0.3",
      "license": "MIT",
      "funding": {
        "type": "opencollective",
        "url": "https://opencollective.com/immer"
      }
    },
    "node_modules/immutable": {
      "version": "5.0.0-beta.4",
      "license": "MIT"
    },
    "node_modules/rambda": {
      "version": "8.5.0",
      "license": "MIT"
    },
    "node_modules/typescript": {
      "version": "5.2.2",
      "license": "Apache-2.0",
      "bin": {
        "tsc": "bin/tsc",
        "tsserver": "bin/tsserver"
      },
      "engines": {
        "node": ">=14.17"
      }
    }
  }
}
